
Microsoft Visual Studio Solution File, Format Version 12.00
# Visual Studio Version 16
VisualStudioVersion = 16.0.29905.134
MinimumVisualStudioVersion = 10.0.40219.1
Project("{FAE04EC0-301F-11D3-BF4B-00C04F79EFBC}") = "filma", "filma\filma.csproj", "{1866EFBF-C63C-40DB-81E7-1CD2FEEC2736}"
EndProject
Global
	GlobalSection(SolutionConfigurationPlatforms) = preSolution
		Debug|Any CPU = Debug|Any CPU
		Release|Any CPU = Release|Any CPU
	EndGlobalSection
	GlobalSection(ProjectConfigurationPlatforms) = postSolution
		{1866EFBF-C63C-40DB-81E7-1CD2FEEC2736}.Debug|Any CPU.ActiveCfg = Debug|Any CPU
		{1866EFBF-C63C-40DB-81E7-1CD2FEEC2736}.Debug|Any CPU.Build.0 = Debug|Any CPU
		{1866EFBF-C63C-40DB-81E7-1CD2FEEC2736}.Release|Any CPU.ActiveCfg = Release|Any CPU
		{1866EFBF-C63C-40DB-81E7-1CD2FEEC2736}.Release|Any CPU.Build.0 = Release|Any CPU
	EndGlobalSection
	GlobalSection(SolutionProperties) = preSolution
		HideSolutionNode = FALSE
	EndGlobalSection
	GlobalSection(ExtensibilityGlobals) = postSolution
		SolutionGuid = {FA2AB928-255D-4FBA-946C-4E88FCD865C4}
	EndGlobalSection
EndGlobal
